
Microsoft Visual Studio Solution File, Format Version 12.00
# Visual Studio Version 16
VisualStudioVersion = 16.0.33927.289
MinimumVisualStudioVersion = 10.0.40219.1
Project("{2150E333-8FDC-42A3-9474-1A3956D46DE8}") = "Task0", "Task0", "{78056D71-F821-40D5-A74F-55B6135A472D}"
EndProject
Project("{FAE04EC0-301F-11D3-BF4B-00C04F79EFBC}") = "Tyuiu.MeshcheryakovPV.Sprint3.Task0.V15", "Tyuiu.MeshcheryakovPV.Sprint3.Task0.V15\Tyuiu.MeshcheryakovPV.Sprint3.Task0.V15.csproj", "{DB3049B5-571D-42F2-B540-5C8AD4B838F9}"
EndProject
Project("{FAE04EC0-301F-11D3-BF4B-00C04F79EFBC}") = "Tyuiu.MeshcheryakovPV.Sprint3.Task0.V15.Lib", "Tyuiu.MeshcheryakovPV.Sprint3.Task0.V15.Lib\Tyuiu.MeshcheryakovPV.Sprint3.Task0.V15.Lib.csproj", "{F452DA9B-BA5D-4B45-93AD-A2313BB82D3D}"
EndProject
Project("{FAE04EC0-301F-11D3-BF4B-00C04F79EFBC}") = "Tyuiu.MeshcheryakovPV.Sprint3.Task0.V15.Test", "Tyuiu.MeshcheryakovPV.Sprint3.Task0.V15.Test\Tyuiu.MeshcheryakovPV.Sprint3.Task0.V15.Test.csproj", "{9FC2C4E0-838E-45B8-9617-ABDB2370F101}"
EndProject
Project("{2150E333-8FDC-42A3-9474-1A3956D46DE8}") = "Task1", "Task1", "{3B5D5FD4-B453-4326-85A1-D6B48C1BF3D6}"
EndProject
Project("{FAE04EC0-301F-11D3-BF4B-00C04F79EFBC}") = "Tyuiu.MeshcheryakovPV.Sprint3.Task1.V21", "Tyuiu.MeshcheryakovPV.Sprint3.Task1.V21\Tyuiu.MeshcheryakovPV.Sprint3.Task1.V21.csproj", "{AD4D39B8-673A-466C-AA97-9B2DBA5683C8}"
EndProject
Project("{FAE04EC0-301F-11D3-BF4B-00C04F79EFBC}") = "Tyuiu.MeshcheryakovPV.Sprint3.Task1.V21.Lib", "Tyuiu.MeshcheryakovPV.Sprint3.Task1.V21.Lib\Tyuiu.MeshcheryakovPV.Sprint3.Task1.V21.Lib.csproj", "{43A982E3-474E-42D9-815C-C52CBDD08854}"
EndProject
Project("{FAE04EC0-301F-11D3-BF4B-00C04F79EFBC}") = "Tyuiu.MeshcheryakovPV.Sprint3.Task1.V21.Test", "Tyuiu.MeshcheryakovPV.Sprint3.Task1.V21.Test\Tyuiu.MeshcheryakovPV.Sprint3.Task1.V21.Test.csproj", "{B945E218-69A6-465F-AAA2-0565CF8CE5DD}"
EndProject
Project("{2150E333-8FDC-42A3-9474-1A3956D46DE8}") = "Task2", "Task2", "{F8F78DCD-A2C4-4AC3-B97C-2492D51AF3B9}"
EndProject
Project("{FAE04EC0-301F-11D3-BF4B-00C04F79EFBC}") = "Tyuiu.MeshcheryakovPV.Sprint3.Task2.V22", "Tyuiu.MeshcheryakovPV.Sprint3.Task2.V22\Tyuiu.MeshcheryakovPV.Sprint3.Task2.V22.csproj", "{80BFBAA0-1D88-4C87-BD80-2CC68EA83CBD}"
EndProject
Project("{FAE04EC0-301F-11D3-BF4B-00C04F79EFBC}") = "Tyuiu.MeshcheryakovPV.Sprint3.Task2.V22.Lib", "Tyuiu.MeshcheryakovPV.Sprint3.Task2.V22.Lib\Tyuiu.MeshcheryakovPV.Sprint3.Task2.V22.Lib.csproj", "{65FBAB27-8494-486B-8A6E-D2F94FBEA3D8}"
EndProject
Project("{FAE04EC0-301F-11D3-BF4B-00C04F79EFBC}") = "Tyuiu.MeshcheryakovPV.Sprint3.Task2.V22.Test", "Tyuiu.MeshcheryakovPV.Sprint3.Task2.V22.Test\Tyuiu.MeshcheryakovPV.Sprint3.Task2.V22.Test.csproj", "{EDA6D708-8F1D-43E4-9E98-4659868D561C}"
EndProject
Project("{2150E333-8FDC-42A3-9474-1A3956D46DE8}") = "Task3", "Task3", "{7EC02032-B9A1-4D34-A405-9209CD2828CE}"
EndProject
Project("{FAE04EC0-301F-11D3-BF4B-00C04F79EFBC}") = "Tyuiu.MeshcheryakovPV.Sprint3.Task3.V5", "Tyuiu.MeshcheryakovPV.Sprint3.Task3.V5\Tyuiu.MeshcheryakovPV.Sprint3.Task3.V5.csproj", "{9D8848AB-383E-42D7-8664-1FE2FE147F60}"
EndProject
Project("{FAE04EC0-301F-11D3-BF4B-00C04F79EFBC}") = "Tyuiu.MeshcheryakovPV.Sprint3.Task3.V5.Lib", "Tyuiu.MeshcheryakovPV.Sprint3.Task3.V5.Lib\Tyuiu.MeshcheryakovPV.Sprint3.Task3.V5.Lib.csproj", "{7F05A9B6-2C22-4878-9A41-A0F895CA9D6F}"
EndProject
Project("{FAE04EC0-301F-11D3-BF4B-00C04F79EFBC}") = "Tyuiu.MeshcheryakovPV.Sprint3.Task3.V5.Test", "Tyuiu.MeshcheryakovPV.Sprint3.Task3.V5.Test\Tyuiu.MeshcheryakovPV.Sprint3.Task3.V5.Test.csproj", "{4345FB70-B09A-4A41-8F14-B2645FC65926}"
EndProject
Project("{2150E333-8FDC-42A3-9474-1A3956D46DE8}") = "Task4", "Task4", "{27895EA0-E454-4498-AC2D-F14F2817566B}"
EndProject
Project("{FAE04EC0-301F-11D3-BF4B-00C04F79EFBC}") = "Tyuiu.MeshcheryakovPV.Sprint3.Task4.V26", "Tyuiu.MeshcheryakovPV.Sprint3.Task4.V26\Tyuiu.MeshcheryakovPV.Sprint3.Task4.V26.csproj", "{9EC0D5C4-D5D7-4268-B3A8-74BC3D80A4C1}"
EndProject
Project("{FAE04EC0-301F-11D3-BF4B-00C04F79EFBC}") = "Tyuiu.MeshcheryakovPV.Sprint3.Task4.V26.Lib", "Tyuiu.MeshcheryakovPV.Sprint3.Task4.V26.Lib\Tyuiu.MeshcheryakovPV.Sprint3.Task4.V26.Lib.csproj", "{987271FB-008B-45EE-A2DD-A08C427541D9}"
EndProject
Project("{FAE04EC0-301F-11D3-BF4B-00C04F79EFBC}") = "Tyuiu.MeshcheryakovPV.Sprint3.Task4.V26.Test", "Tyuiu.MeshcheryakovPV.Sprint3.Task4.V26.Test\Tyuiu.MeshcheryakovPV.Sprint3.Task4.V26.Test.csproj", "{A5352FB6-4FD4-45E5-8AAE-CCF26C1270BF}"
EndProject
Project("{2150E333-8FDC-42A3-9474-1A3956D46DE8}") = "Task5", "Task5", "{F9FEC458-A3D6-41F4-85BD-41BE93B63869}"
EndProject
Project("{FAE04EC0-301F-11D3-BF4B-00C04F79EFBC}") = "Tyuiu.MeshcheryakovPV.Sprint3.Task5.V15", "Tyuiu.MeshcheryakovPV.Sprint3.Task5.V15\Tyuiu.MeshcheryakovPV.Sprint3.Task5.V15.csproj", "{95C68D09-4081-4E6D-9B16-894616C083A1}"
EndProject
Project("{FAE04EC0-301F-11D3-BF4B-00C04F79EFBC}") = "Tyuiu.MeshcheryakovPV.Sprint3.Task5.V15.Lib", "Tyuiu.MeshcheryakovPV.Sprint3.Task5.V15.Lib\Tyuiu.MeshcheryakovPV.Sprint3.Task5.V15.Lib.csproj", "{EFEBBD97-9D30-42A6-B6FE-60708CFECA88}"
EndProject
Project("{FAE04EC0-301F-11D3-BF4B-00C04F79EFBC}") = "Tyuiu.MeshcheryakovPV.Sprint3.Task5.V15.Test", "Tyuiu.MeshcheryakovPV.Sprint3.Task5.V15.Test\Tyuiu.MeshcheryakovPV.Sprint3.Task5.V15.Test.csproj", "{E8ECCB90-3928-4F9D-8F49-1943A41975B3}"
EndProject
Global
	GlobalSection(SolutionConfigurationPlatforms) = preSolution
		Debug|Any CPU = Debug|Any CPU
		Release|Any CPU = Release|Any CPU
	EndGlobalSection
	GlobalSection(ProjectConfigurationPlatforms) = postSolution
		{DB3049B5-571D-42F2-B540-5C8AD4B838F9}.Debug|Any CPU.ActiveCfg = Debug|Any CPU
		{DB3049B5-571D-42F2-B540-5C8AD4B838F9}.Debug|Any CPU.Build.0 = Debug|Any CPU
		{DB3049B5-571D-42F2-B540-5C8AD4B838F9}.Release|Any CPU.ActiveCfg = Release|Any CPU
		{DB3049B5-571D-42F2-B540-5C8AD4B838F9}.Release|Any CPU.Build.0 = Release|Any CPU
		{F452DA9B-BA5D-4B45-93AD-A2313BB82D3D}.Debug|Any CPU.ActiveCfg = Debug|Any CPU
		{F452DA9B-BA5D-4B45-93AD-A2313BB82D3D}.Debug|Any CPU.Build.0 = Debug|Any CPU
		{F452DA9B-BA5D-4B45-93AD-A2313BB82D3D}.Release|Any CPU.ActiveCfg = Release|Any CPU
		{F452DA9B-BA5D-4B45-93AD-A2313BB82D3D}.Release|Any CPU.Build.0 = Release|Any CPU
		{9FC2C4E0-838E-45B8-9617-ABDB2370F101}.Debug|Any CPU.ActiveCfg = Debug|Any CPU
		{9FC2C4E0-838E-45B8-9617-ABDB2370F101}.Debug|Any CPU.Build.0 = Debug|Any CPU
		{9FC2C4E0-838E-45B8-9617-ABDB2370F101}.Release|Any CPU.ActiveCfg = Release|Any CPU
		{9FC2C4E0-838E-45B8-9617-ABDB2370F101}.Release|Any CPU.Build.0 = Release|Any CPU
		{AD4D39B8-673A-466C-AA97-9B2DBA5683C8}.Debug|Any CPU.ActiveCfg = Debug|Any CPU
		{AD4D39B8-673A-466C-AA97-9B2DBA5683C8}.Debug|Any CPU.Build.0 = Debug|Any CPU
		{AD4D39B8-673A-466C-AA97-9B2DBA5683C8}.Release|Any CPU.ActiveCfg = Release|Any CPU
		{AD4D39B8-673A-466C-AA97-9B2DBA5683C8}.Release|Any CPU.Build.0 = Release|Any CPU
		{43A982E3-474E-42D9-815C-C52CBDD08854}.Debug|Any CPU.ActiveCfg = Debug|Any CPU
		{43A982E3-474E-42D9-815C-C52CBDD08854}.Debug|Any CPU.Build.0 = Debug|Any CPU
		{43A982E3-474E-42D9-815C-C52CBDD08854}.Release|Any CPU.ActiveCfg = Release|Any CPU
		{43A982E3-474E-42D9-815C-C52CBDD08854}.Release|Any CPU.Build.0 = Release|Any CPU
		{B945E218-69A6-465F-AAA2-0565CF8CE5DD}.Debug|Any CPU.ActiveCfg = Debug|Any CPU
		{B945E218-69A6-465F-AAA2-0565CF8CE5DD}.Debug|Any CPU.Build.0 = Debug|Any CPU
		{B945E218-69A6-465F-AAA2-0565CF8CE5DD}.Release|Any CPU.ActiveCfg = Release|Any CPU
		{B945E218-69A6-465F-AAA2-0565CF8CE5DD}.Release|Any CPU.Build.0 = Release|Any CPU
		{80BFBAA0-1D88-4C87-BD80-2CC68EA83CBD}.Debug|Any CPU.ActiveCfg = Debug|Any CPU
		{80BFBAA0-1D88-4C87-BD80-2CC68EA83CBD}.Debug|Any CPU.Build.0 = Debug|Any CPU
		{80BFBAA0-1D88-4C87-BD80-2CC68EA83CBD}.Release|Any CPU.ActiveCfg = Release|Any CPU
		{80BFBAA0-1D88-4C87-BD80-2CC68EA83CBD}.Release|Any CPU.Build.0 = Release|Any CPU
		{65FBAB27-8494-486B-8A6E-D2F94FBEA3D8}.Debug|Any CPU.ActiveCfg = Debug|Any CPU
		{65FBAB27-8494-486B-8A6E-D2F94FBEA3D8}.Debug|Any CPU.Build.0 = Debug|Any CPU
		{65FBAB27-8494-486B-8A6E-D2F94FBEA3D8}.Release|Any CPU.ActiveCfg = Release|Any CPU
		{65FBAB27-8494-486B-8A6E-D2F94FBEA3D8}.Release|Any CPU.Build.0 = Release|Any CPU
		{EDA6D708-8F1D-43E4-9E98-4659868D561C}.Debug|Any CPU.ActiveCfg = Debug|Any CPU
		{EDA6D708-8F1D-43E4-9E98-4659868D561C}.Debug|Any CPU.Build.0 = Debug|Any CPU
		{EDA6D708-8F1D-43E4-9E98-4659868D561C}.Release|Any CPU.ActiveCfg = Release|Any CPU
		{EDA6D708-8F1D-43E4-9E98-4659868D561C}.Release|Any CPU.Build.0 = Release|Any CPU
		{9D8848AB-383E-42D7-8664-1FE2FE147F60}.Debug|Any CPU.ActiveCfg = Debug|Any CPU
		{9D8848AB-383E-42D7-8664-1FE2FE147F60}.Debug|Any CPU.Build.0 = Debug|Any CPU
		{9D8848AB-383E-42D7-8664-1FE2FE147F60}.Release|Any CPU.ActiveCfg = Release|Any CPU
		{9D8848AB-383E-42D7-8664-1FE2FE147F60}.Release|Any CPU.Build.0 = Release|Any CPU
		{7F05A9B6-2C22-4878-9A41-A0F895CA9D6F}.Debug|Any CPU.ActiveCfg = Debug|Any CPU
		{7F05A9B6-2C22-4878-9A41-A0F895CA9D6F}.Debug|Any CPU.Build.0 = Debug|Any CPU
		{7F05A9B6-2C22-4878-9A41-A0F895CA9D6F}.Release|Any CPU.ActiveCfg = Release|Any CPU
		{7F05A9B6-2C22-4878-9A41-A0F895CA9D6F}.Release|Any CPU.Build.0 = Release|Any CPU
		{4345FB70-B09A-4A41-8F14-B2645FC65926}.Debug|Any CPU.ActiveCfg = Debug|Any CPU
		{4345FB70-B09A-4A41-8F14-B2645FC65926}.Debug|Any CPU.Build.0 = Debug|Any CPU
		{4345FB70-B09A-4A41-8F14-B2645FC65926}.Release|Any CPU.ActiveCfg = Release|Any CPU
		{4345FB70-B09A-4A41-8F14-B2645FC65926}.Release|Any CPU.Build.0 = Release|Any CPU
		{9EC0D5C4-D5D7-4268-B3A8-74BC3D80A4C1}.Debug|Any CPU.ActiveCfg = Debug|Any CPU
		{9EC0D5C4-D5D7-4268-B3A8-74BC3D80A4C1}.Debug|Any CPU.Build.0 = Debug|Any CPU
		{9EC0D5C4-D5D7-4268-B3A8-74BC3D80A4C1}.Release|Any CPU.ActiveCfg = Release|Any CPU
		{9EC0D5C4-D5D7-4268-B3A8-74BC3D80A4C1}.Release|Any CPU.Build.0 = Release|Any CPU
		{987271FB-008B-45EE-A2DD-A08C427541D9}.Debug|Any CPU.ActiveCfg = Debug|Any CPU
		{987271FB-008B-45EE-A2DD-A08C427541D9}.Debug|Any CPU.Build.0 = Debug|Any CPU
		{987271FB-008B-45EE-A2DD-A08C427541D9}.Release|Any CPU.ActiveCfg = Release|Any CPU
		{987271FB-008B-45EE-A2DD-A08C427541D9}.Release|Any CPU.Build.0 = Release|Any CPU
		{A5352FB6-4FD4-45E5-8AAE-CCF26C1270BF}.Debug|Any CPU.ActiveCfg = Debug|Any CPU
		{A5352FB6-4FD4-45E5-8AAE-CCF26C1270BF}.Debug|Any CPU.Build.0 = Debug|Any CPU
		{A5352FB6-4FD4-45E5-8AAE-CCF26C1270BF}.Release|Any CPU.ActiveCfg = Release|Any CPU
		{A5352FB6-4FD4-45E5-8AAE-CCF26C1270BF}.Release|Any CPU.Build.0 = Release|Any CPU
		{95C68D09-4081-4E6D-9B16-894616C083A1}.Debug|Any CPU.ActiveCfg = Debug|Any CPU
		{95C68D09-4081-4E6D-9B16-894616C083A1}.Debug|Any CPU.Build.0 = Debug|Any CPU
		{95C68D09-4081-4E6D-9B16-894616C083A1}.Release|Any CPU.ActiveCfg = Release|Any CPU
		{95C68D09-4081-4E6D-9B16-894616C083A1}.Release|Any CPU.Build.0 = Release|Any CPU
		{EFEBBD97-9D30-42A6-B6FE-60708CFECA88}.Debug|Any CPU.ActiveCfg = Debug|Any CPU
		{EFEBBD97-9D30-42A6-B6FE-60708CFECA88}.Debug|Any CPU.Build.0 = Debug|Any CPU
		{EFEBBD97-9D30-42A6-B6FE-60708CFECA88}.Release|Any CPU.ActiveCfg = Release|Any CPU
		{EFEBBD97-9D30-42A6-B6FE-60708CFECA88}.Release|Any CPU.Build.0 = Release|Any CPU
		{E8ECCB90-3928-4F9D-8F49-1943A41975B3}.Debug|Any CPU.ActiveCfg = Debug|Any CPU
		{E8ECCB90-3928-4F9D-8F49-1943A41975B3}.Debug|Any CPU.Build.0 = Debug|Any CPU
		{E8ECCB90-3928-4F9D-8F49-1943A41975B3}.Release|Any CPU.ActiveCfg = Release|Any CPU
		{E8ECCB90-3928-4F9D-8F49-1943A41975B3}.Release|Any CPU.Build.0 = Release|Any CPU
	EndGlobalSection
	GlobalSection(SolutionProperties) = preSolution
		HideSolutionNode = FALSE
	EndGlobalSection
	GlobalSection(NestedProjects) = preSolution
		{DB3049B5-571D-42F2-B540-5C8AD4B838F9} = {78056D71-F821-40D5-A74F-55B6135A472D}
		{F452DA9B-BA5D-4B45-93AD-A2313BB82D3D} = {78056D71-F821-40D5-A74F-55B6135A472D}
		{9FC2C4E0-838E-45B8-9617-ABDB2370F101} = {78056D71-F821-40D5-A74F-55B6135A472D}
		{AD4D39B8-673A-466C-AA97-9B2DBA5683C8} = {3B5D5FD4-B453-4326-85A1-D6B48C1BF3D6}
		{43A982E3-474E-42D9-815C-C52CBDD08854} = {3B5D5FD4-B453-4326-85A1-D6B48C1BF3D6}
		{B945E218-69A6-465F-AAA2-0565CF8CE5DD} = {3B5D5FD4-B453-4326-85A1-D6B48C1BF3D6}
		{80BFBAA0-1D88-4C87-BD80-2CC68EA83CBD} = {F8F78DCD-A2C4-4AC3-B97C-2492D51AF3B9}
		{65FBAB27-8494-486B-8A6E-D2F94FBEA3D8} = {F8F78DCD-A2C4-4AC3-B97C-2492D51AF3B9}
		{EDA6D708-8F1D-43E4-9E98-4659868D561C} = {F8F78DCD-A2C4-4AC3-B97C-2492D51AF3B9}
		{9D8848AB-383E-42D7-8664-1FE2FE147F60} = {7EC02032-B9A1-4D34-A405-9209CD2828CE}
		{7F05A9B6-2C22-4878-9A41-A0F895CA9D6F} = {7EC02032-B9A1-4D34-A405-9209CD2828CE}
		{4345FB70-B09A-4A41-8F14-B2645FC65926} = {7EC02032-B9A1-4D34-A405-9209CD2828CE}
		{9EC0D5C4-D5D7-4268-B3A8-74BC3D80A4C1} = {27895EA0-E454-4498-AC2D-F14F2817566B}
		{987271FB-008B-45EE-A2DD-A08C427541D9} = {27895EA0-E454-4498-AC2D-F14F2817566B}
		{A5352FB6-4FD4-45E5-8AAE-CCF26C1270BF} = {27895EA0-E454-4498-AC2D-F14F2817566B}
		{95C68D09-4081-4E6D-9B16-894616C083A1} = {F9FEC458-A3D6-41F4-85BD-41BE93B63869}
		{EFEBBD97-9D30-42A6-B6FE-60708CFECA88} = {F9FEC458-A3D6-41F4-85BD-41BE93B63869}
		{E8ECCB90-3928-4F9D-8F49-1943A41975B3} = {F9FEC458-A3D6-41F4-85BD-41BE93B63869}
	EndGlobalSection
	GlobalSection(ExtensibilityGlobals) = postSolution
		SolutionGuid = {FC3AA64D-63A3-45DD-8DB5-4DD74BDDF7DE}
	EndGlobalSection
EndGlobal
