
Microsoft Visual Studio Solution File, Format Version 12.00
# Visual Studio Version 16
VisualStudioVersion = 16.0.33927.289
MinimumVisualStudioVersion = 10.0.40219.1
Project("{2150E333-8FDC-42A3-9474-1A3956D46DE8}") = "Task0", "Task0", "{78056D71-F821-40D5-A74F-55B6135A472D}"
EndProject
Project("{FAE04EC0-301F-11D3-BF4B-00C04F79EFBC}") = "Tyuiu.MeshcheryakovPV.Sprint3.Task0.V15", "Tyuiu.MeshcheryakovPV.Sprint3.Task0.V15\Tyuiu.MeshcheryakovPV.Sprint3.Task0.V15.csproj", "{DB3049B5-571D-42F2-B540-5C8AD4B838F9}"
EndProject
Project("{FAE04EC0-301F-11D3-BF4B-00C04F79EFBC}") = "Tyuiu.MeshcheryakovPV.Sprint3.Task0.V15.Lib", "Tyuiu.MeshcheryakovPV.Sprint3.Task0.V15.Lib\Tyuiu.MeshcheryakovPV.Sprint3.Task0.V15.Lib.csproj", "{F452DA9B-BA5D-4B45-93AD-A2313BB82D3D}"
EndProject
Project("{FAE04EC0-301F-11D3-BF4B-00C04F79EFBC}") = "Tyuiu.MeshcheryakovPV.Sprint3.Task0.V15.Test", "Tyuiu.MeshcheryakovPV.Sprint3.Task0.V15.Test\Tyuiu.MeshcheryakovPV.Sprint3.Task0.V15.Test.csproj", "{9FC2C4E0-838E-45B8-9617-ABDB2370F101}"
EndProject
Global
	GlobalSection(SolutionConfigurationPlatforms) = preSolution
		Debug|Any CPU = Debug|Any CPU
		Release|Any CPU = Release|Any CPU
	EndGlobalSection
	GlobalSection(ProjectConfigurationPlatforms) = postSolution
		{DB3049B5-571D-42F2-B540-5C8AD4B838F9}.Debug|Any CPU.ActiveCfg = Debug|Any CPU
		{DB3049B5-571D-42F2-B540-5C8AD4B838F9}.Debug|Any CPU.Build.0 = Debug|Any CPU
		{DB3049B5-571D-42F2-B540-5C8AD4B838F9}.Release|Any CPU.ActiveCfg = Release|Any CPU
		{DB3049B5-571D-42F2-B540-5C8AD4B838F9}.Release|Any CPU.Build.0 = Release|Any CPU
		{F452DA9B-BA5D-4B45-93AD-A2313BB82D3D}.Debug|Any CPU.ActiveCfg = Debug|Any CPU
		{F452DA9B-BA5D-4B45-93AD-A2313BB82D3D}.Debug|Any CPU.Build.0 = Debug|Any CPU
		{F452DA9B-BA5D-4B45-93AD-A2313BB82D3D}.Release|Any CPU.ActiveCfg = Release|Any CPU
		{F452DA9B-BA5D-4B45-93AD-A2313BB82D3D}.Release|Any CPU.Build.0 = Release|Any CPU
		{9FC2C4E0-838E-45B8-9617-ABDB2370F101}.Debug|Any CPU.ActiveCfg = Debug|Any CPU
		{9FC2C4E0-838E-45B8-9617-ABDB2370F101}.Debug|Any CPU.Build.0 = Debug|Any CPU
		{9FC2C4E0-838E-45B8-9617-ABDB2370F101}.Release|Any CPU.ActiveCfg = Release|Any CPU
		{9FC2C4E0-838E-45B8-9617-ABDB2370F101}.Release|Any CPU.Build.0 = Release|Any CPU
	EndGlobalSection
	GlobalSection(SolutionProperties) = preSolution
		HideSolutionNode = FALSE
	EndGlobalSection
	GlobalSection(NestedProjects) = preSolution
		{DB3049B5-571D-42F2-B540-5C8AD4B838F9} = {78056D71-F821-40D5-A74F-55B6135A472D}
		{F452DA9B-BA5D-4B45-93AD-A2313BB82D3D} = {78056D71-F821-40D5-A74F-55B6135A472D}
		{9FC2C4E0-838E-45B8-9617-ABDB2370F101} = {78056D71-F821-40D5-A74F-55B6135A472D}
	EndGlobalSection
	GlobalSection(ExtensibilityGlobals) = postSolution
		SolutionGuid = {FC3AA64D-63A3-45DD-8DB5-4DD74BDDF7DE}
	EndGlobalSection
EndGlobal
